# THIS IS AN AUTOGENERATED FILE. DO NOT EDIT THIS FILE DIRECTLY.
# yarn lockfile v1


html-entities@^1.1.3:
  version "1.2.1"
  resolved "https://registry.yarnpkg.com/html-entities/-/html-entities-1.2.1.tgz#0df29351f0721163515dfb9e5543e5f6eed5162f"
  integrity sha1-DfKTUfByEWNRXfueVUPl9u7VFi8=

m3u8stream@^0.6.2:
  version "0.6.2"
  resolved "https://registry.yarnpkg.com/m3u8stream/-/m3u8stream-0.6.2.tgz#c2c62ddce88156d80378dd59be010c8b8e9d120b"
  integrity sha512-WsuM2bd5pPN80xvfrB+1DZqr4M7+kJl8byi6+ZCy6cmVjEiHhmr/desN53Ngsa6Hs13kYumeVgT4wL0oIJ+v6g==
  dependencies:
    miniget "^1.4.0"
    sax "^1.2.4"

miniget@^1.4.0:
  version "1.5.1"
  resolved "https://registry.yarnpkg.com/miniget/-/miniget-1.5.1.tgz#4f93840d5aaed21634cd12fd07d22f7d64e9d570"
  integrity sha512-KJ3AyIVZ76QuWAq43BWjkK+jLdhxhy3s4tsdg9Je91+cIFkeOSW2VEj2lSeKw50CPu1eCCkSbiQEBKL36mpA5w==

prism-media@^0.4.2:
  version "0.4.2"
  resolved "https://registry.yarnpkg.com/prism-media/-/prism-media-0.4.2.tgz#6ad976f6a4688cc18ab1227e32eef43344f4c043"
  integrity sha512-a8hsrMdVaSvaxnQTL31LIA1mUDsnDO1glOZQ8dMvCG+fxPO67UMYS2cNbdGk0RndCiwt1hkqMKLM3yiB1Hqjog==

sax@^1.1.3, sax@^1.2.4:
  version "1.2.4"
  resolved "https://registry.yarnpkg.com/sax/-/sax-1.2.4.tgz#2816234e2378bddc4e5354fab5caa895df7100d9"
  integrity sha512-NqVDv9TpANUjFm0N8uM5GxL36UgKi9/atZw+x7YFnQ8ckwFGKrl4xX4yWtrey3UJm5nP1kUbnYgLopqWNSRhWw==

ytdl-core@^0.29.1:
  version "0.29.1"
  resolved "https://registry.yarnpkg.com/ytdl-core/-/ytdl-core-0.29.1.tgz#2d7a1505d47a34a02551639a8d4092af959c4902"
  integrity sha512-J/TW3rupqE6y+TczHTTFjuwf23tweA9fasmnbU/5yYH0O2IRFLcwgHbbvEPt3t8mtXWGX207+TWH7uuJpB1FKQ==
  dependencies:
    html-entities "^1.1.3"
    m3u8stream "^0.6.2"
    miniget "^1.4.0"
    sax "^1.1.3"
